// !$*UTF8*$!
{
	archiveVersion = 1;
	classes = {
	};
	objectVersion = 46;
	objects = {

/* Begin PBXBuildFile section */
		563022A715F5367B008BFDC0 /* UIKit.framework in Frameworks */ = {isa = PBXBuildFile; fileRef = 563022A615F5367B008BFDC0 /* UIKit.framework */; };
		563022A915F5367B008BFDC0 /* Foundation.framework in Frameworks */ = {isa = PBXBuildFile; fileRef = 563022A815F5367B008BFDC0 /* Foundation.framework */; };
		563022AB15F5367B008BFDC0 /* CoreGraphics.framework in Frameworks */ = {isa = PBXBuildFile; fileRef = 563022AA15F5367B008BFDC0 /* CoreGraphics.framework */; };
		563022AD15F5367B008BFDC0 /* CoreData.framework in Frameworks */ = {isa = PBXBuildFile; fileRef = 563022AC15F5367B008BFDC0 /* CoreData.framework */; };
		563022B315F5367B008BFDC0 /* InfoPlist.strings in Resources */ = {isa = PBXBuildFile; fileRef = 563022B115F5367B008BFDC0 /* InfoPlist.strings */; };
		563022B515F5367B008BFDC0 /* main.m in Sources */ = {isa = PBXBuildFile; fileRef = 563022B415F5367B008BFDC0 /* main.m */; };
		563022B915F5367B008BFDC0 /* AppDelegate.m in Sources */ = {isa = PBXBuildFile; fileRef = 563022B815F5367B008BFDC0 /* AppDelegate.m */; };
		563022BC15F5367C008BFDC0 /* Daily_Commute.xcdatamodeld in Sources */ = {isa = PBXBuildFile; fileRef = 563022BA15F5367B008BFDC0 /* Daily_Commute.xcdatamodeld */; };
		5630232615F53697008BFDC0 /* Commute.m in Sources */ = {isa = PBXBuildFile; fileRef = 563022EC15F53697008BFDC0 /* Commute.m */; };
		5630232715F53697008BFDC0 /* CommuteListViewController.m in Sources */ = {isa = PBXBuildFile; fileRef = 563022EE15F53697008BFDC0 /* CommuteListViewController.m */; };
		5630232815F53697008BFDC0 /* CommuteSettingsViewController.m in Sources */ = {isa = PBXBuildFile; fileRef = 563022F015F53697008BFDC0 /* CommuteSettingsViewController.m */; };
		5630232915F53697008BFDC0 /* CommuteSettingsViewController.xib in Resources */ = {isa = PBXBuildFile; fileRef = 563022F115F53697008BFDC0 /* CommuteSettingsViewController.xib */; };
		5630232A15F53697008BFDC0 /* CommuteViewController.m in Sources */ = {isa = PBXBuildFile; fileRef = 563022F315F53697008BFDC0 /* CommuteViewController.m */; };
		5630232B15F53697008BFDC0 /* CommuteViewController.xib in Resources */ = {isa = PBXBuildFile; fileRef = 563022F415F53697008BFDC0 /* CommuteViewController.xib */; };
		5630232C15F53697008BFDC0 /* Daily_Commute.xcdatamodeld in Sources */ = {isa = PBXBuildFile; fileRef = 563022F515F53697008BFDC0 /* Daily_Commute.xcdatamodeld */; };
		5630232E15F53697008BFDC0 /* GraphListViewController.m in Sources */ = {isa = PBXBuildFile; fileRef = 563022FB15F53697008BFDC0 /* GraphListViewController.m */; };
		5630232F15F53697008BFDC0 /* GraphViewController.m in Sources */ = {isa = PBXBuildFile; fileRef = 563022FD15F53697008BFDC0 /* GraphViewController.m */; };
		5630233015F53697008BFDC0 /* GraphViewController.xib in Resources */ = {isa = PBXBuildFile; fileRef = 563022FE15F53697008BFDC0 /* GraphViewController.xib */; };
		5630233115F53697008BFDC0 /* InfoTableViewController.m in Sources */ = {isa = PBXBuildFile; fileRef = 5630230015F53697008BFDC0 /* InfoTableViewController.m */; };
		5630233215F53697008BFDC0 /* MovingPoint.m in Sources */ = {isa = PBXBuildFile; fileRef = 5630230215F53697008BFDC0 /* MovingPoint.m */; };
		5630233315F53697008BFDC0 /* NewCommuteViewController.m in Sources */ = {isa = PBXBuildFile; fileRef = 5630230415F53697008BFDC0 /* NewCommuteViewController.m */; };
		5630233415F53697008BFDC0 /* NewCommuteViewController.xib in Resources */ = {isa = PBXBuildFile; fileRef = 5630230515F53697008BFDC0 /* NewCommuteViewController.xib */; };
		5630233515F53697008BFDC0 /* RecordCommuteViewController.m in Sources */ = {isa = PBXBuildFile; fileRef = 5630230715F53697008BFDC0 /* RecordCommuteViewController.m */; };
		5630233615F53697008BFDC0 /* RecordCommuteViewController.xib in Resources */ = {isa = PBXBuildFile; fileRef = 5630230815F53697008BFDC0 /* RecordCommuteViewController.xib */; };
		5630233715F53697008BFDC0 /* RootCommuteViewController.m in Sources */ = {isa = PBXBuildFile; fileRef = 5630230A15F53697008BFDC0 /* RootCommuteViewController.m */; };
		5630233815F53698008BFDC0 /* RootCommuteViewController.xib in Resources */ = {isa = PBXBuildFile; fileRef = 5630230B15F53697008BFDC0 /* RootCommuteViewController.xib */; };
		5630233915F53698008BFDC0 /* Route.m in Sources */ = {isa = PBXBuildFile; fileRef = 5630230D15F53697008BFDC0 /* Route.m */; };
/* End PBXBuildFile section */

/* Begin PBXFileReference section */
		563022A215F5367B008BFDC0 /* Daily-Commute.app */ = {isa = PBXFileReference; explicitFileType = wrapper.application; includeInIndex = 0; path = "Daily-Commute.app"; sourceTree = BUILT_PRODUCTS_DIR; };
		563022A615F5367B008BFDC0 /* UIKit.framework */ = {isa = PBXFileReference; lastKnownFileType = wrapper.framework; name = UIKit.framework; path = System/Library/Frameworks/UIKit.framework; sourceTree = SDKROOT; };
		563022A815F5367B008BFDC0 /* Foundation.framework */ = {isa = PBXFileReference; lastKnownFileType = wrapper.framework; name = Foundation.framework; path = System/Library/Frameworks/Foundation.framework; sourceTree = SDKROOT; };
		563022AA15F5367B008BFDC0 /* CoreGraphics.framework */ = {isa = PBXFileReference; lastKnownFileType = wrapper.framework; name = CoreGraphics.framework; path = System/Library/Frameworks/CoreGraphics.framework; sourceTree = SDKROOT; };
		563022AC15F5367B008BFDC0 /* CoreData.framework */ = {isa = PBXFileReference; lastKnownFileType = wrapper.framework; name = CoreData.framework; path = System/Library/Frameworks/CoreData.framework; sourceTree = SDKROOT; };
		563022B015F5367B008BFDC0 /* Daily-Commute-Info.plist */ = {isa = PBXFileReference; lastKnownFileType = text.plist.xml; path = "Daily-Commute-Info.plist"; sourceTree = "<group>"; };
		563022B215F5367B008BFDC0 /* en */ = {isa = PBXFileReference; lastKnownFileType = text.plist.strings; name = en; path = en.lproj/InfoPlist.strings; sourceTree = "<group>"; };
		563022B415F5367B008BFDC0 /* main.m */ = {isa = PBXFileReference; lastKnownFileType = sourcecode.c.objc; path = main.m; sourceTree = "<group>"; };
		563022B615F5367B008BFDC0 /* Daily-Commute-Prefix.pch */ = {isa = PBXFileReference; lastKnownFileType = sourcecode.c.h; path = "Daily-Commute-Prefix.pch"; sourceTree = "<group>"; };
		563022B715F5367B008BFDC0 /* AppDelegate.h */ = {isa = PBXFileReference; lastKnownFileType = sourcecode.c.h; path = AppDelegate.h; sourceTree = "<group>"; };
		563022B815F5367B008BFDC0 /* AppDelegate.m */ = {isa = PBXFileReference; lastKnownFileType = sourcecode.c.objc; path = AppDelegate.m; sourceTree = "<group>"; };
		563022BB15F5367B008BFDC0 /* Daily_Commute.xcdatamodel */ = {isa = PBXFileReference; lastKnownFileType = wrapper.xcdatamodel; path = Daily_Commute.xcdatamodel; sourceTree = "<group>"; };
		563022EB15F53697008BFDC0 /* Commute.h */ = {isa = PBXFileReference; fileEncoding = 4; lastKnownFileType = sourcecode.c.h; name = Commute.h; path = "Daily-Commute/Commute.h"; sourceTree = "<group>"; };
		563022EC15F53697008BFDC0 /* Commute.m */ = {isa = PBXFileReference; fileEncoding = 4; lastKnownFileType = sourcecode.c.objc; name = Commute.m; path = "Daily-Commute/Commute.m"; sourceTree = "<group>"; };
		563022ED15F53697008BFDC0 /* CommuteListViewController.h */ = {isa = PBXFileReference; fileEncoding = 4; lastKnownFileType = sourcecode.c.h; name = CommuteListViewController.h; path = "Daily-Commute/CommuteListViewController.h"; sourceTree = "<group>"; };
		563022EE15F53697008BFDC0 /* CommuteListViewController.m */ = {isa = PBXFileReference; fileEncoding = 4; lastKnownFileType = sourcecode.c.objc; name = CommuteListViewController.m; path = "Daily-Commute/CommuteListViewController.m"; sourceTree = "<group>"; };
		563022EF15F53697008BFDC0 /* CommuteSettingsViewController.h */ = {isa = PBXFileReference; fileEncoding = 4; lastKnownFileType = sourcecode.c.h; name = CommuteSettingsViewController.h; path = "Daily-Commute/CommuteSettingsViewController.h"; sourceTree = "<group>"; };
		563022F015F53697008BFDC0 /* CommuteSettingsViewController.m */ = {isa = PBXFileReference; fileEncoding = 4; lastKnownFileType = sourcecode.c.objc; name = CommuteSettingsViewController.m; path = "Daily-Commute/CommuteSettingsViewController.m"; sourceTree = "<group>"; };
		563022F115F53697008BFDC0 /* CommuteSettingsViewController.xib */ = {isa = PBXFileReference; fileEncoding = 4; lastKnownFileType = file.xib; name = CommuteSettingsViewController.xib; path = "Daily-Commute/CommuteSettingsViewController.xib"; sourceTree = "<group>"; };
		563022F215F53697008BFDC0 /* CommuteViewController.h */ = {isa = PBXFileReference; fileEncoding = 4; lastKnownFileType = sourcecode.c.h; name = CommuteViewController.h; path = "Daily-Commute/CommuteViewController.h"; sourceTree = "<group>"; };
		563022F315F53697008BFDC0 /* CommuteViewController.m */ = {isa = PBXFileReference; fileEncoding = 4; lastKnownFileType = sourcecode.c.objc; name = CommuteViewController.m; path = "Daily-Commute/CommuteViewController.m"; sourceTree = "<group>"; };
		563022F415F53697008BFDC0 /* CommuteViewController.xib */ = {isa = PBXFileReference; fileEncoding = 4; lastKnownFileType = file.xib; name = CommuteViewController.xib; path = "Daily-Commute/CommuteViewController.xib"; sourceTree = "<group>"; };
		563022F615F53697008BFDC0 /* Daily_Commute.xcdatamodel */ = {isa = PBXFileReference; lastKnownFileType = wrapper.xcdatamodel; path = Daily_Commute.xcdatamodel; sourceTree = "<group>"; };
		563022FA15F53697008BFDC0 /* GraphListViewController.h */ = {isa = PBXFileReference; fileEncoding = 4; lastKnownFileType = sourcecode.c.h; name = GraphListViewController.h; path = "Daily-Commute/GraphListViewController.h"; sourceTree = "<group>"; };
		563022FB15F53697008BFDC0 /* GraphListViewController.m */ = {isa = PBXFileReference; fileEncoding = 4; lastKnownFileType = sourcecode.c.objc; name = GraphListViewController.m; path = "Daily-Commute/GraphListViewController.m"; sourceTree = "<group>"; };
		563022FC15F53697008BFDC0 /* GraphViewController.h */ = {isa = PBXFileReference; fileEncoding = 4; lastKnownFileType = sourcecode.c.h; name = GraphViewController.h; path = "Daily-Commute/GraphViewController.h"; sourceTree = "<group>"; };
		563022FD15F53697008BFDC0 /* GraphViewController.m */ = {isa = PBXFileReference; fileEncoding = 4; lastKnownFileType = sourcecode.c.objc; name = GraphViewController.m; path = "Daily-Commute/GraphViewController.m"; sourceTree = "<group>"; };
		563022FE15F53697008BFDC0 /* GraphViewController.xib */ = {isa = PBXFileReference; fileEncoding = 4; lastKnownFileType = file.xib; name = GraphViewController.xib; path = "Daily-Commute/GraphViewController.xib"; sourceTree = "<group>"; };
		563022FF15F53697008BFDC0 /* InfoTableViewController.h */ = {isa = PBXFileReference; fileEncoding = 4; lastKnownFileType = sourcecode.c.h; name = InfoTableViewController.h; path = "Daily-Commute/InfoTableViewController.h"; sourceTree = "<group>"; };
		5630230015F53697008BFDC0 /* InfoTableViewController.m */ = {isa = PBXFileReference; fileEncoding = 4; lastKnownFileType = sourcecode.c.objc; name = InfoTableViewController.m; path = "Daily-Commute/InfoTableViewController.m"; sourceTree = "<group>"; };
		5630230115F53697008BFDC0 /* MovingPoint.h */ = {isa = PBXFileReference; fileEncoding = 4; lastKnownFileType = sourcecode.c.h; name = MovingPoint.h; path = "Daily-Commute/MovingPoint.h"; sourceTree = "<group>"; };
		5630230215F53697008BFDC0 /* MovingPoint.m */ = {isa = PBXFileReference; fileEncoding = 4; lastKnownFileType = sourcecode.c.objc; name = MovingPoint.m; path = "Daily-Commute/MovingPoint.m"; sourceTree = "<group>"; };
		5630230315F53697008BFDC0 /* NewCommuteViewController.h */ = {isa = PBXFileReference; fileEncoding = 4; lastKnownFileType = sourcecode.c.h; name = NewCommuteViewController.h; path = "Daily-Commute/NewCommuteViewController.h"; sourceTree = "<group>"; };
		5630230415F53697008BFDC0 /* NewCommuteViewController.m */ = {isa = PBXFileReference; fileEncoding = 4; lastKnownFileType = sourcecode.c.objc; name = NewCommuteViewController.m; path = "Daily-Commute/NewCommuteViewController.m"; sourceTree = "<group>"; };
		5630230515F53697008BFDC0 /* NewCommuteViewController.xib */ = {isa = PBXFileReference; fileEncoding = 4; lastKnownFileType = file.xib; name = NewCommuteViewController.xib; path = "Daily-Commute/NewCommuteViewController.xib"; sourceTree = "<group>"; };
		5630230615F53697008BFDC0 /* RecordCommuteViewController.h */ = {isa = PBXFileReference; fileEncoding = 4; lastKnownFileType = sourcecode.c.h; name = RecordCommuteViewController.h; path = "Daily-Commute/RecordCommuteViewController.h"; sourceTree = "<group>"; };
		5630230715F53697008BFDC0 /* RecordCommuteViewController.m */ = {isa = PBXFileReference; fileEncoding = 4; lastKnownFileType = sourcecode.c.objc; name = RecordCommuteViewController.m; path = "Daily-Commute/RecordCommuteViewController.m"; sourceTree = "<group>"; };
		5630230815F53697008BFDC0 /* RecordCommuteViewController.xib */ = {isa = PBXFileReference; fileEncoding = 4; lastKnownFileType = file.xib; name = RecordCommuteViewController.xib; path = "Daily-Commute/RecordCommuteViewController.xib"; sourceTree = "<group>"; };
		5630230915F53697008BFDC0 /* RootCommuteViewController.h */ = {isa = PBXFileReference; fileEncoding = 4; lastKnownFileType = sourcecode.c.h; name = RootCommuteViewController.h; path = "Daily-Commute/RootCommuteViewController.h"; sourceTree = "<group>"; };
		5630230A15F53697008BFDC0 /* RootCommuteViewController.m */ = {isa = PBXFileReference; fileEncoding = 4; lastKnownFileType = sourcecode.c.objc; name = RootCommuteViewController.m; path = "Daily-Commute/RootCommuteViewController.m"; sourceTree = "<group>"; };
		5630230B15F53697008BFDC0 /* RootCommuteViewController.xib */ = {isa = PBXFileReference; fileEncoding = 4; lastKnownFileType = file.xib; name = RootCommuteViewController.xib; path = "Daily-Commute/RootCommuteViewController.xib"; sourceTree = "<group>"; };
		5630230C15F53697008BFDC0 /* Route.h */ = {isa = PBXFileReference; fileEncoding = 4; lastKnownFileType = sourcecode.c.h; name = Route.h; path = "Daily-Commute/Route.h"; sourceTree = "<group>"; };
		5630230D15F53697008BFDC0 /* Route.m */ = {isa = PBXFileReference; fileEncoding = 4; lastKnownFileType = sourcecode.c.objc; name = Route.m; path = "Daily-Commute/Route.m"; sourceTree = "<group>"; };
		5630230E15F53697008BFDC0 /* SettingsViewController.h */ = {isa = PBXFileReference; fileEncoding = 4; lastKnownFileType = sourcecode.c.h; name = SettingsViewController.h; path = "Daily-Commute/SettingsViewController.h"; sourceTree = "<group>"; };
/* End PBXFileReference section */

/* Begin PBXFrameworksBuildPhase section */
		5630229F15F5367B008BFDC0 /* Frameworks */ = {
			isa = PBXFrameworksBuildPhase;
			buildActionMask = 2147483647;
			files = (
				563022A715F5367B008BFDC0 /* UIKit.framework in Frameworks */,
				563022A915F5367B008BFDC0 /* Foundation.framework in Frameworks */,
				563022AB15F5367B008BFDC0 /* CoreGraphics.framework in Frameworks */,
				563022AD15F5367B008BFDC0 /* CoreData.framework in Frameworks */,
			);
			runOnlyForDeploymentPostprocessing = 0;
		};
/* End PBXFrameworksBuildPhase section */

/* Begin PBXGroup section */
		5630229715F5367B008BFDC0 = {
			isa = PBXGroup;
			children = (
				5630233A15F53707008BFDC0 /* Core Data */,
				5630233D15F5373B008BFDC0 /* Record Commute */,
				5630233C15F5372C008BFDC0 /* Commute List */,
				5630233E15F5374D008BFDC0 /* Settings */,
				5630233B15F5371F008BFDC0 /* Graphs */,
				563022AE15F5367B008BFDC0 /* Daily-Commute */,
				563022A515F5367B008BFDC0 /* Frameworks */,
				563022A315F5367B008BFDC0 /* Products */,
			);
			sourceTree = "<group>";
		};
		563022A315F5367B008BFDC0 /* Products */ = {
			isa = PBXGroup;
			children = (
				563022A215F5367B008BFDC0 /* Daily-Commute.app */,
			);
			name = Products;
			sourceTree = "<group>";
		};
		563022A515F5367B008BFDC0 /* Frameworks */ = {
			isa = PBXGroup;
			children = (
				563022A615F5367B008BFDC0 /* UIKit.framework */,
				563022A815F5367B008BFDC0 /* Foundation.framework */,
				563022AA15F5367B008BFDC0 /* CoreGraphics.framework */,
				563022AC15F5367B008BFDC0 /* CoreData.framework */,
			);
			name = Frameworks;
			sourceTree = "<group>";
		};
		563022AE15F5367B008BFDC0 /* Daily-Commute */ = {
			isa = PBXGroup;
			children = (
				563022B715F5367B008BFDC0 /* AppDelegate.h */,
				563022B815F5367B008BFDC0 /* AppDelegate.m */,
				563022BA15F5367B008BFDC0 /* Daily_Commute.xcdatamodeld */,
				563022AF15F5367B008BFDC0 /* Supporting Files */,
			);
			path = "Daily-Commute";
			sourceTree = "<group>";
		};
		563022AF15F5367B008BFDC0 /* Supporting Files */ = {
			isa = PBXGroup;
			children = (
				563022B015F5367B008BFDC0 /* Daily-Commute-Info.plist */,
				563022B115F5367B008BFDC0 /* InfoPlist.strings */,
				563022B415F5367B008BFDC0 /* main.m */,
				563022B615F5367B008BFDC0 /* Daily-Commute-Prefix.pch */,
			);
			name = "Supporting Files";
			sourceTree = "<group>";
		};
		5630233A15F53707008BFDC0 /* Core Data */ = {
			isa = PBXGroup;
			children = (
				563022F515F53697008BFDC0 /* Daily_Commute.xcdatamodeld */,
				563022EB15F53697008BFDC0 /* Commute.h */,
				563022EC15F53697008BFDC0 /* Commute.m */,
				5630230C15F53697008BFDC0 /* Route.h */,
				5630230D15F53697008BFDC0 /* Route.m */,
				5630230115F53697008BFDC0 /* MovingPoint.h */,
				5630230215F53697008BFDC0 /* MovingPoint.m */,
			);
			name = "Core Data";
			sourceTree = "<group>";
		};
		5630233B15F5371F008BFDC0 /* Graphs */ = {
			isa = PBXGroup;
			children = (
				563022FA15F53697008BFDC0 /* GraphListViewController.h */,
				563022FB15F53697008BFDC0 /* GraphListViewController.m */,
				563022FC15F53697008BFDC0 /* GraphViewController.h */,
				563022FD15F53697008BFDC0 /* GraphViewController.m */,
				563022FE15F53697008BFDC0 /* GraphViewController.xib */,
			);
			name = Graphs;
			sourceTree = "<group>";
		};
		5630233C15F5372C008BFDC0 /* Commute List */ = {
			isa = PBXGroup;
			children = (
				563022F215F53697008BFDC0 /* CommuteViewController.h */,
				563022F315F53697008BFDC0 /* CommuteViewController.m */,
				563022F415F53697008BFDC0 /* CommuteViewController.xib */,
				563022ED15F53697008BFDC0 /* CommuteListViewController.h */,
				563022EE15F53697008BFDC0 /* CommuteListViewController.m */,
			);
			name = "Commute List";
			sourceTree = "<group>";
		};
		5630233D15F5373B008BFDC0 /* Record Commute */ = {
			isa = PBXGroup;
			children = (
				563022FF15F53697008BFDC0 /* InfoTableViewController.h */,
				5630230015F53697008BFDC0 /* InfoTableViewController.m */,
				5630230915F53697008BFDC0 /* RootCommuteViewController.h */,
				5630230A15F53697008BFDC0 /* RootCommuteViewController.m */,
				5630230B15F53697008BFDC0 /* RootCommuteViewController.xib */,
				5630230615F53697008BFDC0 /* RecordCommuteViewController.h */,
				5630230715F53697008BFDC0 /* RecordCommuteViewController.m */,
				5630230815F53697008BFDC0 /* RecordCommuteViewController.xib */,
			);
			name = "Record Commute";
			sourceTree = "<group>";
		};
		5630233E15F5374D008BFDC0 /* Settings */ = {
			isa = PBXGroup;
			children = (
				5630230E15F53697008BFDC0 /* SettingsViewController.h */,
				563022EF15F53697008BFDC0 /* CommuteSettingsViewController.h */,
				563022F015F53697008BFDC0 /* CommuteSettingsViewController.m */,
				563022F115F53697008BFDC0 /* CommuteSettingsViewController.xib */,
				5630230315F53697008BFDC0 /* NewCommuteViewController.h */,
				5630230415F53697008BFDC0 /* NewCommuteViewController.m */,
				5630230515F53697008BFDC0 /* NewCommuteViewController.xib */,
			);
			name = Settings;
			sourceTree = "<group>";
		};
/* End PBXGroup section */

/* Begin PBXNativeTarget section */
		563022A115F5367B008BFDC0 /* Daily-Commute */ = {
			isa = PBXNativeTarget;
			buildConfigurationList = 563022BF15F5367C008BFDC0 /* Build configuration list for PBXNativeTarget "Daily-Commute" */;
			buildPhases = (
				5630229E15F5367B008BFDC0 /* Sources */,
				5630229F15F5367B008BFDC0 /* Frameworks */,
				563022A015F5367B008BFDC0 /* Resources */,
			);
			buildRules = (
			);
			dependencies = (
			);
			name = "Daily-Commute";
			productName = "Daily-Commute";
			productReference = 563022A215F5367B008BFDC0 /* Daily-Commute.app */;
			productType = "com.apple.product-type.application";
		};
/* End PBXNativeTarget section */

/* Begin PBXProject section */
		5630229915F5367B008BFDC0 /* Project object */ = {
			isa = PBXProject;
			attributes = {
				LastUpgradeCheck = 0440;
				ORGANIZATIONNAME = "James Allen";
			};
			buildConfigurationList = 5630229C15F5367B008BFDC0 /* Build configuration list for PBXProject "Daily-Commute" */;
			compatibilityVersion = "Xcode 3.2";
			developmentRegion = English;
			hasScannedForEncodings = 0;
			knownRegions = (
				en,
			);
			mainGroup = 5630229715F5367B008BFDC0;
			productRefGroup = 563022A315F5367B008BFDC0 /* Products */;
			projectDirPath = "";
			projectRoot = "";
			targets = (
				563022A115F5367B008BFDC0 /* Daily-Commute */,
			);
		};
/* End PBXProject section */

/* Begin PBXResourcesBuildPhase section */
		563022A015F5367B008BFDC0 /* Resources */ = {
			isa = PBXResourcesBuildPhase;
			buildActionMask = 2147483647;
			files = (
				563022B315F5367B008BFDC0 /* InfoPlist.strings in Resources */,
				5630232915F53697008BFDC0 /* CommuteSettingsViewController.xib in Resources */,
				5630232B15F53697008BFDC0 /* CommuteViewController.xib in Resources */,
				5630233015F53697008BFDC0 /* GraphViewController.xib in Resources */,
				5630233415F53697008BFDC0 /* NewCommuteViewController.xib in Resources */,
				5630233615F53697008BFDC0 /* RecordCommuteViewController.xib in Resources */,
				5630233815F53698008BFDC0 /* RootCommuteViewController.xib in Resources */,
			);
			runOnlyForDeploymentPostprocessing = 0;
		};
/* End PBXResourcesBuildPhase section */

/* Begin PBXSourcesBuildPhase section */
		5630229E15F5367B008BFDC0 /* Sources */ = {
			isa = PBXSourcesBuildPhase;
			buildActionMask = 2147483647;
			files = (
				563022B515F5367B008BFDC0 /* main.m in Sources */,
				563022B915F5367B008BFDC0 /* AppDelegate.m in Sources */,
				563022BC15F5367C008BFDC0 /* Daily_Commute.xcdatamodeld in Sources */,
				5630232615F53697008BFDC0 /* Commute.m in Sources */,
				5630232715F53697008BFDC0 /* CommuteListViewController.m in Sources */,
				5630232815F53697008BFDC0 /* CommuteSettingsViewController.m in Sources */,
				5630232A15F53697008BFDC0 /* CommuteViewController.m in Sources */,
				5630232C15F53697008BFDC0 /* Daily_Commute.xcdatamodeld in Sources */,
				5630232E15F53697008BFDC0 /* GraphListViewController.m in Sources */,
				5630232F15F53697008BFDC0 /* GraphViewController.m in Sources */,
				5630233115F53697008BFDC0 /* InfoTableViewController.m in Sources */,
				5630233215F53697008BFDC0 /* MovingPoint.m in Sources */,
				5630233315F53697008BFDC0 /* NewCommuteViewController.m in Sources */,
				5630233515F53697008BFDC0 /* RecordCommuteViewController.m in Sources */,
				5630233715F53697008BFDC0 /* RootCommuteViewController.m in Sources */,
				5630233915F53698008BFDC0 /* Route.m in Sources */,
			);
			runOnlyForDeploymentPostprocessing = 0;
		};
/* End PBXSourcesBuildPhase section */

/* Begin PBXVariantGroup section */
		563022B115F5367B008BFDC0 /* InfoPlist.strings */ = {
			isa = PBXVariantGroup;
			children = (
				563022B215F5367B008BFDC0 /* en */,
			);
			name = InfoPlist.strings;
			sourceTree = "<group>";
		};
/* End PBXVariantGroup section */

/* Begin XCBuildConfiguration section */
		563022BD15F5367C008BFDC0 /* Debug */ = {
			isa = XCBuildConfiguration;
			buildSettings = {
				ALWAYS_SEARCH_USER_PATHS = NO;
				ARCHS = "$(ARCHS_STANDARD_32_BIT)";
				CLANG_CXX_LANGUAGE_STANDARD = "gnu++0x";
				CLANG_ENABLE_OBJC_ARC = YES;
				CLANG_WARN__DUPLICATE_METHOD_MATCH = YES;
				"CODE_SIGN_IDENTITY[sdk=iphoneos*]" = "iPhone Developer";
				COPY_PHASE_STRIP = NO;
				GCC_C_LANGUAGE_STANDARD = gnu99;
				GCC_DYNAMIC_NO_PIC = NO;
				GCC_OPTIMIZATION_LEVEL = 0;
				GCC_PREPROCESSOR_DEFINITIONS = (
					"DEBUG=1",
					"$(inherited)",
				);
				GCC_SYMBOLS_PRIVATE_EXTERN = NO;
				GCC_VERSION = com.apple.compilers.llvm.clang.1_0;
				GCC_WARN_ABOUT_RETURN_TYPE = YES;
				GCC_WARN_UNINITIALIZED_AUTOS = YES;
				GCC_WARN_UNUSED_VARIABLE = YES;
				IPHONEOS_DEPLOYMENT_TARGET = 5.1;
				SDKROOT = iphoneos;
			};
			name = Debug;
		};
		563022BE15F5367C008BFDC0 /* Release */ = {
			isa = XCBuildConfiguration;
			buildSettings = {
				ALWAYS_SEARCH_USER_PATHS = NO;
				ARCHS = "$(ARCHS_STANDARD_32_BIT)";
				CLANG_CXX_LANGUAGE_STANDARD = "gnu++0x";
				CLANG_ENABLE_OBJC_ARC = YES;
				CLANG_WARN__DUPLICATE_METHOD_MATCH = YES;
				"CODE_SIGN_IDENTITY[sdk=iphoneos*]" = "iPhone Developer";
				COPY_PHASE_STRIP = YES;
				GCC_C_LANGUAGE_STANDARD = gnu99;
				GCC_VERSION = com.apple.compilers.llvm.clang.1_0;
				GCC_WARN_ABOUT_RETURN_TYPE = YES;
				GCC_WARN_UNINITIALIZED_AUTOS = YES;
				GCC_WARN_UNUSED_VARIABLE = YES;
				IPHONEOS_DEPLOYMENT_TARGET = 5.1;
				OTHER_CFLAGS = "-DNS_BLOCK_ASSERTIONS=1";
				SDKROOT = iphoneos;
				VALIDATE_PRODUCT = YES;
			};
			name = Release;
		};
		563022C015F5367C008BFDC0 /* Debug */ = {
			isa = XCBuildConfiguration;
			buildSettings = {
				GCC_PRECOMPILE_PREFIX_HEADER = YES;
				GCC_PREFIX_HEADER = "Daily-Commute/Daily-Commute-Prefix.pch";
				INFOPLIST_FILE = "Daily-Commute/Daily-Commute-Info.plist";
				PRODUCT_NAME = "$(TARGET_NAME)";
				WRAPPER_EXTENSION = app;
			};
			name = Debug;
		};
		563022C115F5367C008BFDC0 /* Release */ = {
			isa = XCBuildConfiguration;
			buildSettings = {
				GCC_PRECOMPILE_PREFIX_HEADER = YES;
				GCC_PREFIX_HEADER = "Daily-Commute/Daily-Commute-Prefix.pch";
				INFOPLIST_FILE = "Daily-Commute/Daily-Commute-Info.plist";
				PRODUCT_NAME = "$(TARGET_NAME)";
				WRAPPER_EXTENSION = app;
			};
			name = Release;
		};
/* End XCBuildConfiguration section */

/* Begin XCConfigurationList section */
		5630229C15F5367B008BFDC0 /* Build configuration list for PBXProject "Daily-Commute" */ = {
			isa = XCConfigurationList;
			buildConfigurations = (
				563022BD15F5367C008BFDC0 /* Debug */,
				563022BE15F5367C008BFDC0 /* Release */,
			);
			defaultConfigurationIsVisible = 0;
			defaultConfigurationName = Release;
		};
		563022BF15F5367C008BFDC0 /* Build configuration list for PBXNativeTarget "Daily-Commute" */ = {
			isa = XCConfigurationList;
			buildConfigurations = (
				563022C015F5367C008BFDC0 /* Debug */,
				563022C115F5367C008BFDC0 /* Release */,
			);
			defaultConfigurationIsVisible = 0;
		};
/* End XCConfigurationList section */

/* Begin XCVersionGroup section */
		563022BA15F5367B008BFDC0 /* Daily_Commute.xcdatamodeld */ = {
			isa = XCVersionGroup;
			children = (
				563022BB15F5367B008BFDC0 /* Daily_Commute.xcdatamodel */,
			);
			currentVersion = 563022BB15F5367B008BFDC0 /* Daily_Commute.xcdatamodel */;
			path = Daily_Commute.xcdatamodeld;
			sourceTree = "<group>";
			versionGroupType = wrapper.xcdatamodel;
		};
		563022F515F53697008BFDC0 /* Daily_Commute.xcdatamodeld */ = {
			isa = XCVersionGroup;
			children = (
				563022F615F53697008BFDC0 /* Daily_Commute.xcdatamodel */,
			);
			currentVersion = 563022F615F53697008BFDC0 /* Daily_Commute.xcdatamodel */;
			name = Daily_Commute.xcdatamodeld;
			path = "Daily-Commute/Daily_Commute.xcdatamodeld";
			sourceTree = "<group>";
			versionGroupType = wrapper.xcdatamodel;
		};
/* End XCVersionGroup section */
	};
	rootObject = 5630229915F5367B008BFDC0 /* Project object */;
}
